<?xml version="1.0" encoding="utf-8"?>
<Project ToolsVersion="4.0" xmlns="http://schemas.microsoft.com/developer/msbuild/2003">
  <ItemGroup>
    <Filter Include="소스 파일">
      <UniqueIdentifier>{4FC737F1-C7A5-4376-A066-2A32D752A2FF}</UniqueIdentifier>
      <Extensions>cpp;c;cc;cxx;c++;cppm;ixx;def;odl;idl;hpj;bat;asm;asmx</Extensions>
    </Filter>
    <Filter Include="헤더 파일">
      <UniqueIdentifier>{93995380-89BD-4b04-88EB-625FBE52EBFB}</UniqueIdentifier>
      <Extensions>h;hh;hpp;hxx;h++;hm;inl;inc;ipp;xsd</Extensions>
    </Filter>
    <Filter Include="리소스 파일">
      <UniqueIdentifier>{67DA6AB6-F800-4c08-8B7A-83BB121AAD01}</UniqueIdentifier>
      <Extensions>rc;ico;cur;bmp;dlg;rc2;rct;bin;rgs;gif;jpg;jpeg;jpe;resx;tiff;tif;png;wav;mfcribbon-ms</Extensions>
    </Filter>
    <Filter Include="소스 파일\구현">
      <UniqueIdentifier>{cfe60f66-7603-4309-8c16-c50ee0c604a4}</UniqueIdentifier>
    </Filter>
    <Filter Include="소스 파일\그래프 이론">
      <UniqueIdentifier>{0db5cad4-057b-4b90-bb6a-29408ee224d7}</UniqueIdentifier>
    </Filter>
    <Filter Include="소스 파일\그래프 이론\BFS">
      <UniqueIdentifier>{06069007-b3e3-4c4c-a0e3-3c823861cfa3}</UniqueIdentifier>
    </Filter>
    <Filter Include="소스 파일\그래프 이론\DFS">
      <UniqueIdentifier>{c057fdd0-b966-42ae-8d0e-e6449aa1ad95}</UniqueIdentifier>
    </Filter>
    <Filter Include="소스 파일\다이나믹 프로그래밍">
      <UniqueIdentifier>{685eb342-9c29-4b74-b4d5-16f0eeb7fa2a}</UniqueIdentifier>
    </Filter>
    <Filter Include="소스 파일\브루트포스 알고리즘">
      <UniqueIdentifier>{31217141-b19d-4204-a269-9526159f354d}</UniqueIdentifier>
    </Filter>
    <Filter Include="소스 파일\수학">
      <UniqueIdentifier>{353578b6-76ce-49d3-8525-c14a0f28b294}</UniqueIdentifier>
    </Filter>
    <Filter Include="소스 파일\자료구조">
      <UniqueIdentifier>{155fefac-25e2-42fc-baab-abb668dd5ed2}</UniqueIdentifier>
    </Filter>
    <Filter Include="소스 파일\자료구조\덱">
      <UniqueIdentifier>{b56aa296-09bc-4a1f-93b7-48a80663e32d}</UniqueIdentifier>
    </Filter>
    <Filter Include="소스 파일\자료구조\큐">
      <UniqueIdentifier>{a061caac-0649-440c-a19b-4edc65013d31}</UniqueIdentifier>
    </Filter>
    <Filter Include="소스 파일\자료구조\우선순위 큐">
      <UniqueIdentifier>{d4be2916-7af7-43f3-9533-ebab4832e557}</UniqueIdentifier>
    </Filter>
    <Filter Include="소스 파일\자료구조\집합과 맵">
      <UniqueIdentifier>{19f3f7dc-ede1-45d8-a0df-acf6e6441f83}</UniqueIdentifier>
    </Filter>
    <Filter Include="소스 파일\자료구조\스택">
      <UniqueIdentifier>{c530d750-8176-429e-998f-58a03efca3de}</UniqueIdentifier>
    </Filter>
    <Filter Include="소스 파일\정렬">
      <UniqueIdentifier>{505faa76-fbb8-4939-ada3-6211a6ec88f0}</UniqueIdentifier>
    </Filter>
    <Filter Include="소스 파일\탐색">
      <UniqueIdentifier>{09d68711-0f8f-4cd8-bfc0-74df878f8692}</UniqueIdentifier>
    </Filter>
    <Filter Include="소스 파일\-분류 불가-">
      <UniqueIdentifier>{846f54e1-f01f-4fdb-9259-003367e7550a}</UniqueIdentifier>
    </Filter>
  </ItemGroup>
  <ItemGroup>
    <ClCompile Include="TEST.cpp">
      <Filter>소스 파일</Filter>
    </ClCompile>
    <ClCompile Include="구현\1022.cpp">
      <Filter>소스 파일\구현</Filter>
    </ClCompile>
    <ClCompile Include="구현\1032.cpp">
      <Filter>소스 파일\구현</Filter>
    </ClCompile>
    <ClCompile Include="구현\1076.cpp">
      <Filter>소스 파일\구현</Filter>
    </ClCompile>
    <ClCompile Include="구현\1152.cpp">
      <Filter>소스 파일\구현</Filter>
    </ClCompile>
    <ClCompile Include="구현\1157.cpp">
      <Filter>소스 파일\구현</Filter>
    </ClCompile>
    <ClCompile Include="구현\1316.cpp">
      <Filter>소스 파일\구현</Filter>
    </ClCompile>
    <ClCompile Include="구현\2438.cpp">
      <Filter>소스 파일\구현</Filter>
    </ClCompile>
    <ClCompile Include="구현\2562.cpp">
      <Filter>소스 파일\구현</Filter>
    </ClCompile>
    <ClCompile Include="구현\2675.cpp">
      <Filter>소스 파일\구현</Filter>
    </ClCompile>
    <ClCompile Include="구현\2741.cpp">
      <Filter>소스 파일\구현</Filter>
    </ClCompile>
    <ClCompile Include="구현\2742.cpp">
      <Filter>소스 파일\구현</Filter>
    </ClCompile>
    <ClCompile Include="구현\2920.cpp">
      <Filter>소스 파일\구현</Filter>
    </ClCompile>
    <ClCompile Include="구현\2941.cpp">
      <Filter>소스 파일\구현</Filter>
    </ClCompile>
    <ClCompile Include="구현\5622.cpp">
      <Filter>소스 파일\구현</Filter>
    </ClCompile>
    <ClCompile Include="구현\8958.cpp">
      <Filter>소스 파일\구현</Filter>
    </ClCompile>
    <ClCompile Include="구현\10171.cpp">
      <Filter>소스 파일\구현</Filter>
    </ClCompile>
    <ClCompile Include="구현\10809.cpp">
      <Filter>소스 파일\구현</Filter>
    </ClCompile>
    <ClCompile Include="구현\11654.cpp">
      <Filter>소스 파일\구현</Filter>
    </ClCompile>
    <ClCompile Include="그래프 이론\BFS\1012.cpp">
      <Filter>소스 파일\그래프 이론\BFS</Filter>
    </ClCompile>
    <ClCompile Include="그래프 이론\BFS\1260.cpp">
      <Filter>소스 파일\그래프 이론\BFS</Filter>
    </ClCompile>
    <ClCompile Include="그래프 이론\BFS\2178.cpp">
      <Filter>소스 파일\그래프 이론\BFS</Filter>
    </ClCompile>
    <ClCompile Include="그래프 이론\BFS\2468.cpp">
      <Filter>소스 파일\그래프 이론\BFS</Filter>
    </ClCompile>
    <ClCompile Include="그래프 이론\BFS\2606.cpp">
      <Filter>소스 파일\그래프 이론\BFS</Filter>
    </ClCompile>
    <ClCompile Include="그래프 이론\BFS\2667.cpp">
      <Filter>소스 파일\그래프 이론\BFS</Filter>
    </ClCompile>
    <ClCompile Include="그래프 이론\BFS\7576.cpp">
      <Filter>소스 파일\그래프 이론\BFS</Filter>
    </ClCompile>
    <ClCompile Include="그래프 이론\DFS\1012.cpp">
      <Filter>소스 파일\그래프 이론\DFS</Filter>
    </ClCompile>
    <ClCompile Include="그래프 이론\DFS\1260.cpp">
      <Filter>소스 파일\그래프 이론\DFS</Filter>
    </ClCompile>
    <ClCompile Include="그래프 이론\DFS\2468.cpp">
      <Filter>소스 파일\그래프 이론\DFS</Filter>
    </ClCompile>
    <ClCompile Include="그래프 이론\DFS\2606.cpp">
      <Filter>소스 파일\그래프 이론\DFS</Filter>
    </ClCompile>
    <ClCompile Include="그래프 이론\DFS\2667.cpp">
      <Filter>소스 파일\그래프 이론\DFS</Filter>
    </ClCompile>
    <ClCompile Include="다이나믹 프로그래밍\1003.cpp">
      <Filter>소스 파일\다이나믹 프로그래밍</Filter>
    </ClCompile>
    <ClCompile Include="다이나믹 프로그래밍\1082.cpp">
      <Filter>소스 파일\다이나믹 프로그래밍</Filter>
    </ClCompile>
    <ClCompile Include="다이나믹 프로그래밍\9184.cpp">
      <Filter>소스 파일\다이나믹 프로그래밍</Filter>
    </ClCompile>
    <ClCompile Include="브루트포스 알고리즘\1018.cpp">
      <Filter>소스 파일\브루트포스 알고리즘</Filter>
    </ClCompile>
    <ClCompile Include="브루트포스 알고리즘\1059.cpp">
      <Filter>소스 파일\브루트포스 알고리즘</Filter>
    </ClCompile>
    <ClCompile Include="브루트포스 알고리즘\1065.cpp">
      <Filter>소스 파일\브루트포스 알고리즘</Filter>
    </ClCompile>
    <ClCompile Include="브루트포스 알고리즘\1436.cpp">
      <Filter>소스 파일\브루트포스 알고리즘</Filter>
    </ClCompile>
    <ClCompile Include="브루트포스 알고리즘\2839.cpp">
      <Filter>소스 파일\브루트포스 알고리즘</Filter>
    </ClCompile>
    <ClCompile Include="수학\1009.cpp">
      <Filter>소스 파일\수학</Filter>
    </ClCompile>
    <ClCompile Include="수학\1011.cpp">
      <Filter>소스 파일\수학</Filter>
    </ClCompile>
    <ClCompile Include="수학\1008.cpp">
      <Filter>소스 파일\수학</Filter>
    </ClCompile>
    <ClCompile Include="수학\1016.cpp">
      <Filter>소스 파일\수학</Filter>
    </ClCompile>
    <ClCompile Include="수학\1019.cpp">
      <Filter>소스 파일\수학</Filter>
    </ClCompile>
    <ClCompile Include="수학\1024.cpp">
      <Filter>소스 파일\수학</Filter>
    </ClCompile>
    <ClCompile Include="수학\1075.cpp">
      <Filter>소스 파일\수학</Filter>
    </ClCompile>
    <ClCompile Include="수학\1085.cpp">
      <Filter>소스 파일\수학</Filter>
    </ClCompile>
    <ClCompile Include="수학\1110.cpp">
      <Filter>소스 파일\수학</Filter>
    </ClCompile>
    <ClCompile Include="수학\1193.cpp">
      <Filter>소스 파일\수학</Filter>
    </ClCompile>
    <ClCompile Include="수학\1330.cpp">
      <Filter>소스 파일\수학</Filter>
    </ClCompile>
    <ClCompile Include="수학\1546.cpp">
      <Filter>소스 파일\수학</Filter>
    </ClCompile>
    <ClCompile Include="수학\1712.cpp">
      <Filter>소스 파일\수학</Filter>
    </ClCompile>
    <ClCompile Include="수학\1978.cpp">
      <Filter>소스 파일\수학</Filter>
    </ClCompile>
    <ClCompile Include="수학\2292.cpp">
      <Filter>소스 파일\수학</Filter>
    </ClCompile>
    <ClCompile Include="수학\2546.cpp">
      <Filter>소스 파일\수학</Filter>
    </ClCompile>
    <ClCompile Include="수학\2577.cpp">
      <Filter>소스 파일\수학</Filter>
    </ClCompile>
    <ClCompile Include="수학\2588.cpp">
      <Filter>소스 파일\수학</Filter>
    </ClCompile>
    <ClCompile Include="수학\2739.cpp">
      <Filter>소스 파일\수학</Filter>
    </ClCompile>
    <ClCompile Include="수학\2749.cpp">
      <Filter>소스 파일\수학</Filter>
    </ClCompile>
    <ClCompile Include="수학\2775.cpp">
      <Filter>소스 파일\수학</Filter>
    </ClCompile>
    <ClCompile Include="수학\2869.cpp">
      <Filter>소스 파일\수학</Filter>
    </ClCompile>
    <ClCompile Include="수학\2884.cpp">
      <Filter>소스 파일\수학</Filter>
    </ClCompile>
    <ClCompile Include="수학\2908.cpp">
      <Filter>소스 파일\수학</Filter>
    </ClCompile>
    <ClCompile Include="수학\3052.cpp">
      <Filter>소스 파일\수학</Filter>
    </ClCompile>
    <ClCompile Include="수학\4344.cpp">
      <Filter>소스 파일\수학</Filter>
    </ClCompile>
    <ClCompile Include="수학\4673.cpp">
      <Filter>소스 파일\수학</Filter>
    </ClCompile>
    <ClCompile Include="수학\8393.cpp">
      <Filter>소스 파일\수학</Filter>
    </ClCompile>
    <ClCompile Include="수학\10250.cpp">
      <Filter>소스 파일\수학</Filter>
    </ClCompile>
    <ClCompile Include="수학\10430.cpp">
      <Filter>소스 파일\수학</Filter>
    </ClCompile>
    <ClCompile Include="수학\10757.cpp">
      <Filter>소스 파일\수학</Filter>
    </ClCompile>
    <ClCompile Include="수학\10818.cpp">
      <Filter>소스 파일\수학</Filter>
    </ClCompile>
    <ClCompile Include="수학\10869.cpp">
      <Filter>소스 파일\수학</Filter>
    </ClCompile>
    <ClCompile Include="수학\10871.cpp">
      <Filter>소스 파일\수학</Filter>
    </ClCompile>
    <ClCompile Include="수학\10872.cpp">
      <Filter>소스 파일\수학</Filter>
    </ClCompile>
    <ClCompile Include="수학\10950.cpp">
      <Filter>소스 파일\수학</Filter>
    </ClCompile>
    <ClCompile Include="수학\10951.cpp">
      <Filter>소스 파일\수학</Filter>
    </ClCompile>
    <ClCompile Include="수학\10952.cpp">
      <Filter>소스 파일\수학</Filter>
    </ClCompile>
    <ClCompile Include="수학\11021.cpp">
      <Filter>소스 파일\수학</Filter>
    </ClCompile>
    <ClCompile Include="수학\11022.cpp">
      <Filter>소스 파일\수학</Filter>
    </ClCompile>
    <ClCompile Include="수학\11720.cpp">
      <Filter>소스 파일\수학</Filter>
    </ClCompile>
    <ClCompile Include="수학\14681.cpp">
      <Filter>소스 파일\수학</Filter>
    </ClCompile>
    <ClCompile Include="수학\15552.cpp">
      <Filter>소스 파일\수학</Filter>
    </ClCompile>
    <ClCompile Include="수학\15596.cpp">
      <Filter>소스 파일\수학</Filter>
    </ClCompile>
    <ClCompile Include="자료구조\맵\1620.cpp">
      <Filter>소스 파일\자료구조\집합과 맵</Filter>
    </ClCompile>
    <ClCompile Include="자료구조\큐\2164.cpp">
      <Filter>소스 파일\자료구조\큐</Filter>
    </ClCompile>
    <ClCompile Include="자료구조\큐\11866.cpp">
      <Filter>소스 파일\자료구조\큐</Filter>
    </ClCompile>
    <ClCompile Include="자료구조\큐\18258.cpp">
      <Filter>소스 파일\자료구조\큐</Filter>
    </ClCompile>
    <ClCompile Include="자료구조\우선순위 큐\11279.cpp">
      <Filter>소스 파일\자료구조\우선순위 큐</Filter>
    </ClCompile>
    <ClCompile Include="자료구조\덱\10866.cpp">
      <Filter>소스 파일\자료구조\덱</Filter>
    </ClCompile>
    <ClCompile Include="자료구조\스택\1874.cpp">
      <Filter>소스 파일\자료구조\스택</Filter>
    </ClCompile>
    <ClCompile Include="자료구조\스택\4949.cpp">
      <Filter>소스 파일\자료구조\스택</Filter>
    </ClCompile>
    <ClCompile Include="자료구조\스택\9012.cpp">
      <Filter>소스 파일\자료구조\스택</Filter>
    </ClCompile>
    <ClCompile Include="자료구조\스택\10773.cpp">
      <Filter>소스 파일\자료구조\스택</Filter>
    </ClCompile>
    <ClCompile Include="자료구조\스택\10828.cpp">
      <Filter>소스 파일\자료구조\스택</Filter>
    </ClCompile>
    <ClCompile Include="정렬\1015.cpp">
      <Filter>소스 파일\정렬</Filter>
    </ClCompile>
    <ClCompile Include="정렬\1026.cpp">
      <Filter>소스 파일\정렬</Filter>
    </ClCompile>
    <ClCompile Include="정렬\1083.cpp">
      <Filter>소스 파일\정렬</Filter>
    </ClCompile>
    <ClCompile Include="정렬\1427.cpp">
      <Filter>소스 파일\정렬</Filter>
    </ClCompile>
    <ClCompile Include="정렬\2108.cpp">
      <Filter>소스 파일\정렬</Filter>
    </ClCompile>
    <ClCompile Include="정렬\2751.cpp">
      <Filter>소스 파일\정렬</Filter>
    </ClCompile>
    <ClCompile Include="정렬\18870.cpp">
      <Filter>소스 파일\정렬</Filter>
    </ClCompile>
    <ClCompile Include="탐색\1654.cpp">
      <Filter>소스 파일\탐색</Filter>
    </ClCompile>
    <ClCompile Include="탐색\1920.cpp">
      <Filter>소스 파일\탐색</Filter>
    </ClCompile>
    <ClCompile Include="탐색\10816.cpp">
      <Filter>소스 파일\탐색</Filter>
    </ClCompile>
    <ClCompile Include="정렬\10989.cpp">
      <Filter>소스 파일</Filter>
    </ClCompile>
    <ClCompile Include="정렬\11650.cpp">
      <Filter>소스 파일</Filter>
    </ClCompile>
    <ClCompile Include="정렬\11651.cpp">
      <Filter>소스 파일</Filter>
    </ClCompile>
    <ClCompile Include="정렬\1181.cpp">
      <Filter>소스 파일</Filter>
    </ClCompile>
    <ClCompile Include="정렬\2750.cpp">
      <Filter>소스 파일</Filter>
    </ClCompile>
    <ClCompile Include="수학\2581.cpp">
      <Filter>소스 파일</Filter>
    </ClCompile>
    <ClCompile Include="수학\11653.cpp">
      <Filter>소스 파일</Filter>
    </ClCompile>
    <ClCompile Include="수학\1992.cpp">
      <Filter>소스 파일</Filter>
    </ClCompile>
    <ClCompile Include="수학\4948.cpp">
      <Filter>소스 파일</Filter>
    </ClCompile>
    <ClCompile Include="자료구조\우선순위 큐\1927.cpp">
      <Filter>소스 파일</Filter>
    </ClCompile>
    <ClCompile Include="자료구조\우선순위 큐\11286.cpp">
      <Filter>소스 파일</Filter>
    </ClCompile>
    <ClCompile Include="자료구조\우선순위 큐\1655.cpp">
      <Filter>소스 파일</Filter>
    </ClCompile>
    <ClCompile Include="수학\2475.cpp">
      <Filter>소스 파일</Filter>
    </ClCompile>
    <ClCompile Include="자료구조\큐\10845.cpp">
      <Filter>소스 파일</Filter>
    </ClCompile>
    <ClCompile Include="자료구조\큐\1966.cpp">
      <Filter>소스 파일</Filter>
    </ClCompile>
    <ClCompile Include="구현\23813.cpp">
      <Filter>소스 파일\구현</Filter>
    </ClCompile>
    <ClCompile Include="구현\1259.cpp">
      <Filter>소스 파일</Filter>
    </ClCompile>
    <ClCompile Include="자료구조\큐\1158.cpp">
      <Filter>소스 파일</Filter>
    </ClCompile>
    <ClCompile Include="그래프 이론\DFS\11724.cpp">
      <Filter>소스 파일</Filter>
    </ClCompile>
    <ClCompile Include="자료구조\덱\3190.cpp">
      <Filter>소스 파일</Filter>
    </ClCompile>
    <ClCompile Include="자료구조\스택\3986.cpp">
      <Filter>소스 파일</Filter>
    </ClCompile>
    <ClCompile Include="구현\5338.cpp">
      <Filter>소스 파일</Filter>
    </ClCompile>
    <ClCompile Include="그래프 이론\BFS\14502.cpp">
      <Filter>소스 파일</Filter>
    </ClCompile>
    <ClCompile Include="그래프 이론\BFS\7569.cpp">
      <Filter>소스 파일</Filter>
    </ClCompile>
    <ClCompile Include="그래프 이론\BFS\1697.cpp">
      <Filter>소스 파일</Filter>
    </ClCompile>
    <ClCompile Include="그래프 이론\DFS\10026.cpp">
      <Filter>소스 파일</Filter>
    </ClCompile>
    <ClCompile Include="그래프 이론\Dijkstra\1753.cpp">
      <Filter>소스 파일</Filter>
    </ClCompile>
    <ClCompile Include="그래프 이론\BFS\12851.cpp">
      <Filter>소스 파일</Filter>
    </ClCompile>
    <ClCompile Include="그래프 이론\BFS\13549.cpp">
      <Filter>소스 파일</Filter>
    </ClCompile>
    <ClCompile Include="그래프 이론\BFS\13913.cpp">
      <Filter>소스 파일</Filter>
    </ClCompile>
    <ClCompile Include="자료구조\맵\17219.cpp">
      <Filter>소스 파일</Filter>
    </ClCompile>
    <ClCompile Include="자료구조\맵\1302.cpp">
      <Filter>소스 파일</Filter>
    </ClCompile>
    <ClCompile Include="자료구조\맵\1764.cpp">
      <Filter>소스 파일</Filter>
    </ClCompile>
    <ClCompile Include="정렬\20551.cpp">
      <Filter>소스 파일</Filter>
    </ClCompile>
    <ClCompile Include="구현\5525.cpp">
      <Filter>소스 파일</Filter>
    </ClCompile>
    <ClCompile Include="그래프 이론\BFS\1325.cpp">
      <Filter>소스 파일</Filter>
    </ClCompile>
    <ClCompile Include="구현\9653.cpp">
      <Filter>소스 파일</Filter>
    </ClCompile>
    <ClCompile Include="구현\5339.cpp">
      <Filter>소스 파일</Filter>
    </ClCompile>
    <ClCompile Include="그래프 이론\BFS\2583.cpp">
      <Filter>소스 파일</Filter>
    </ClCompile>
    <ClCompile Include="수학\9020.cpp">
      <Filter>소스 파일</Filter>
    </ClCompile>
    <ClCompile Include="수학\3009.cpp">
      <Filter>소스 파일</Filter>
    </ClCompile>
    <ClCompile Include="수학\4153.cpp">
      <Filter>소스 파일</Filter>
    </ClCompile>
    <ClCompile Include="수학\3053.cpp">
      <Filter>소스 파일</Filter>
    </ClCompile>
    <ClCompile Include="수학\1002.cpp">
      <Filter>소스 파일</Filter>
    </ClCompile>
    <ClCompile Include="그래프 이론\Dijkstra\1916.cpp">
      <Filter>소스 파일</Filter>
    </ClCompile>
    <ClCompile Include="그래프 이론\Dijkstra\1854.cpp">
      <Filter>소스 파일</Filter>
    </ClCompile>
    <ClCompile Include="수학\2609.cpp">
      <Filter>소스 파일</Filter>
    </ClCompile>
    <ClCompile Include="자료구조\큐\1021.cpp">
      <Filter>소스 파일</Filter>
    </ClCompile>
    <ClCompile Include="자료구조\집합(set)\11723.cpp">
      <Filter>소스 파일</Filter>
    </ClCompile>
    <ClCompile Include="그래프 이론\Floyd Warshall\11404.cpp">
      <Filter>소스 파일</Filter>
    </ClCompile>
    <ClCompile Include="구현\11659.cpp">
      <Filter>소스 파일</Filter>
    </ClCompile>
    <ClCompile Include="자료구조\집합(set)\14425.cpp">
      <Filter>소스 파일</Filter>
    </ClCompile>
    <ClCompile Include="자료구조\우선순위 큐\14235.cpp">
      <Filter>소스 파일</Filter>
    </ClCompile>
    <ClCompile Include="자료구조\우선순위 큐\5619.cpp">
      <Filter>소스 파일</Filter>
    </ClCompile>
    <ClCompile Include="브루트포스 알고리즘\2231.cpp">
      <Filter>소스 파일</Filter>
    </ClCompile>
    <ClCompile Include="자료구조\맵\2910.cpp">
      <Filter>소스 파일</Filter>
    </ClCompile>
    <ClCompile Include="수학\2420.cpp">
      <Filter>소스 파일</Filter>
    </ClCompile>
    <ClCompile Include="선형 대수학\2740.cpp">
      <Filter>소스 파일</Filter>
    </ClCompile>
    <ClCompile Include="수학\1094.cpp">
      <Filter>소스 파일</Filter>
    </ClCompile>
    <ClCompile Include="구현\1100.cpp">
      <Filter>소스 파일</Filter>
    </ClCompile>
    <ClCompile Include="수학\1004.cpp">
      <Filter>소스 파일</Filter>
    </ClCompile>
    <ClCompile Include="수학\10870.cpp">
      <Filter>소스 파일</Filter>
    </ClCompile>
    <ClCompile Include="그래프 이론\Dijkstra\1504.cpp">
      <Filter>소스 파일</Filter>
    </ClCompile>
    <ClCompile Include="그래프 이론\BFS\1938.cpp">
      <Filter>소스 파일</Filter>
    </ClCompile>
    <ClCompile Include="해싱\15829.cpp">
      <Filter>소스 파일</Filter>
    </ClCompile>
    <ClCompile Include="자료구조\맵\16499.cpp">
      <Filter>소스 파일</Filter>
    </ClCompile>
    <ClCompile Include="자료구조\맵\4158.cpp">
      <Filter>소스 파일</Filter>
    </ClCompile>
    <ClCompile Include="구현\1550.cpp">
      <Filter>소스 파일</Filter>
    </ClCompile>
    <ClCompile Include="구현\2845.cpp">
      <Filter>소스 파일</Filter>
    </ClCompile>
    <ClCompile Include="구현\2914.cpp">
      <Filter>소스 파일</Filter>
    </ClCompile>
    <ClCompile Include="구현\3003.cpp">
      <Filter>소스 파일</Filter>
    </ClCompile>
    <ClCompile Include="구현\3046.cpp">
      <Filter>소스 파일</Filter>
    </ClCompile>
    <ClCompile Include="구현\5522.cpp">
      <Filter>소스 파일</Filter>
    </ClCompile>
    <ClCompile Include="구현\5554.cpp">
      <Filter>소스 파일</Filter>
    </ClCompile>
    <ClCompile Include="구현\6749.cpp">
      <Filter>소스 파일</Filter>
    </ClCompile>
    <ClCompile Include="구현\7287.cpp">
      <Filter>소스 파일</Filter>
    </ClCompile>
    <ClCompile Include="구현\9654.cpp">
      <Filter>소스 파일</Filter>
    </ClCompile>
    <ClCompile Include="구현\10170.cpp">
      <Filter>소스 파일</Filter>
    </ClCompile>
    <ClCompile Include="구현\10699.cpp">
      <Filter>소스 파일</Filter>
    </ClCompile>
    <ClCompile Include="구현\10926.cpp">
      <Filter>소스 파일</Filter>
    </ClCompile>
    <ClCompile Include="구현\11382.cpp">
      <Filter>소스 파일</Filter>
    </ClCompile>
    <ClCompile Include="구현\14928.cpp">
      <Filter>소스 파일</Filter>
    </ClCompile>
    <ClCompile Include="구현\14652.cpp">
      <Filter>소스 파일</Filter>
    </ClCompile>
    <ClCompile Include="구현\15439.cpp">
      <Filter>소스 파일</Filter>
    </ClCompile>
    <ClCompile Include="구현\15727.cpp">
      <Filter>소스 파일</Filter>
    </ClCompile>
    <ClCompile Include="구현\15733.cpp">
      <Filter>소스 파일</Filter>
    </ClCompile>
    <ClCompile Include="구현\15894.cpp">
      <Filter>소스 파일</Filter>
    </ClCompile>
    <ClCompile Include="구현\15962.cpp">
      <Filter>소스 파일</Filter>
    </ClCompile>
    <ClCompile Include="구현\15964.cpp">
      <Filter>소스 파일</Filter>
    </ClCompile>
    <ClCompile Include="구현\16170.cpp">
      <Filter>소스 파일</Filter>
    </ClCompile>
    <ClCompile Include="구현\16394.cpp">
      <Filter>소스 파일</Filter>
    </ClCompile>
    <ClCompile Include="구현\16430.cpp">
      <Filter>소스 파일</Filter>
    </ClCompile>
    <ClCompile Include="구현\17256.cpp">
      <Filter>소스 파일</Filter>
    </ClCompile>
    <ClCompile Include="구현\17295.cpp">
      <Filter>소스 파일</Filter>
    </ClCompile>
    <ClCompile Include="구현\17496.cpp">
      <Filter>소스 파일</Filter>
    </ClCompile>
    <ClCompile Include="구현\18096.cpp">
      <Filter>소스 파일</Filter>
    </ClCompile>
    <ClCompile Include="구현\18108.cpp">
      <Filter>소스 파일</Filter>
    </ClCompile>
    <ClCompile Include="구현\18301.cpp">
      <Filter>소스 파일</Filter>
    </ClCompile>
    <ClCompile Include="구현\20254.cpp">
      <Filter>소스 파일</Filter>
    </ClCompile>
    <ClCompile Include="구현\20492.cpp">
      <Filter>소스 파일</Filter>
    </ClCompile>
    <ClCompile Include="구현\21300.cpp">
      <Filter>소스 파일</Filter>
    </ClCompile>
    <ClCompile Include="구현\23234.cpp">
      <Filter>소스 파일</Filter>
    </ClCompile>
    <ClCompile Include="자료구조\집합(set)\1269.cpp">
      <Filter>소스 파일</Filter>
    </ClCompile>
    <ClCompile Include="수학\1037.cpp">
      <Filter>소스 파일</Filter>
    </ClCompile>
    <ClCompile Include="다이나믹 프로그래밍\1904.cpp">
      <Filter>소스 파일</Filter>
    </ClCompile>
    <ClCompile Include="수학\17298.cpp">
      <Filter>소스 파일</Filter>
    </ClCompile>
    <ClCompile Include="비트 마스킹\9527.cpp">
      <Filter>소스 파일</Filter>
    </ClCompile>
    <ClCompile Include="수학\A-GoodByeBOJ.cpp">
      <Filter>소스 파일</Filter>
    </ClCompile>
    <ClCompile Include="수학\B-GoodByeBOJ.cpp">
      <Filter>소스 파일</Filter>
    </ClCompile>
    <ClCompile Include="자료구조\집합(set)\2776.cpp">
      <Filter>소스 파일</Filter>
    </ClCompile>
    <ClCompile Include="다이나믹 프로그래밍\9461.cpp">
      <Filter>소스 파일</Filter>
    </ClCompile>
    <ClCompile Include="자료구조\맵\7785.cpp">
      <Filter>소스 파일</Filter>
    </ClCompile>
    <ClCompile Include="자료구조\맵\20291.cpp">
      <Filter>소스 파일</Filter>
    </ClCompile>
    <ClCompile Include="자료구조\맵\16165.cpp">
      <Filter>소스 파일</Filter>
    </ClCompile>
    <ClCompile Include="자료구조\맵\4358.cpp">
      <Filter>소스 파일</Filter>
    </ClCompile>
    <ClCompile Include="자료구조\맵\1544.cpp">
      <Filter>소스 파일</Filter>
    </ClCompile>
    <ClCompile Include="자료구조\맵\9733.cpp">
      <Filter>소스 파일</Filter>
    </ClCompile>
    <ClCompile Include="자료구조\맵\3022.cpp">
      <Filter>소스 파일</Filter>
    </ClCompile>
    <ClCompile Include="그래프 이론\DFS\2644.cpp">
      <Filter>소스 파일</Filter>
    </ClCompile>
    <ClCompile Include="다이나믹 프로그래밍\14494.cpp">
      <Filter>소스 파일</Filter>
    </ClCompile>
    <ClCompile Include="다이나믹 프로그래밍\1149.cpp">
      <Filter>소스 파일</Filter>
    </ClCompile>
    <ClCompile Include="수학\1629.cpp">
      <Filter>소스 파일</Filter>
    </ClCompile>
    <ClCompile Include="정렬\10815.cpp">
      <Filter>소스 파일</Filter>
    </ClCompile>
    <ClCompile Include="브루트포스 알고리즘\1145.cpp">
      <Filter>소스 파일</Filter>
    </ClCompile>
    <ClCompile Include="구현\2480.cpp">
      <Filter>소스 파일</Filter>
    </ClCompile>
    <ClCompile Include="구현\1205.cpp">
      <Filter>소스 파일</Filter>
    </ClCompile>
    <ClCompile Include="구현\1212.cpp">
      <Filter>소스 파일</Filter>
    </ClCompile>
    <ClCompile Include="정렬\2752.cpp">
      <Filter>소스 파일</Filter>
    </ClCompile>
    <ClCompile Include="구현\2902.cpp">
      <Filter>소스 파일</Filter>
    </ClCompile>
    <ClCompile Include="수학\20499.cpp">
      <Filter>소스 파일</Filter>
    </ClCompile>
    <ClCompile Include="구현\19944.cpp">
      <Filter>소스 파일</Filter>
    </ClCompile>
    <ClCompile Include="구현\10610.cpp">
      <Filter>소스 파일</Filter>
    </ClCompile>
    <ClCompile Include="구현\10179.cpp">
      <Filter>소스 파일</Filter>
    </ClCompile>
    <ClCompile Include="구현\15680.cpp">
      <Filter>소스 파일</Filter>
    </ClCompile>
    <ClCompile Include="수학\24313.cpp">
      <Filter>소스 파일</Filter>
    </ClCompile>
    <ClCompile Include="구현\1251.cpp">
      <Filter>소스 파일</Filter>
    </ClCompile>
    <ClCompile Include="구현\4592.cpp">
      <Filter>소스 파일</Filter>
    </ClCompile>
    <ClCompile Include="구현\1547.cpp">
      <Filter>소스 파일</Filter>
    </ClCompile>
    <ClCompile Include="구현\10101.cpp">
      <Filter>소스 파일</Filter>
    </ClCompile>
    <ClCompile Include="수학\10039.cpp">
      <Filter>소스 파일</Filter>
    </ClCompile>
    <ClCompile Include="구현\1308.cpp">
      <Filter>소스 파일</Filter>
    </ClCompile>
    <ClCompile Include="정렬\10867.cpp">
      <Filter>소스 파일</Filter>
    </ClCompile>
    <ClCompile Include="그래프 이론\BFS\11060.cpp">
      <Filter>소스 파일</Filter>
    </ClCompile>
    <ClCompile Include="그래프 이론\BFS\11725.cpp">
      <Filter>소스 파일</Filter>
    </ClCompile>
    <ClCompile Include="자료구조\맵\15098.cpp">
      <Filter>소스 파일</Filter>
    </ClCompile>
    <ClCompile Include="그래프 이론\DFS\1325.cpp">
      <Filter>소스 파일</Filter>
    </ClCompile>
  </ItemGroup>
  <ItemGroup>
    <ClInclude Include="resource.h">
      <Filter>헤더 파일</Filter>
    </ClInclude>
  </ItemGroup>
  <ItemGroup>
    <ResourceCompile Include="BaekJoon.rc">
      <Filter>리소스 파일</Filter>
    </ResourceCompile>
  </ItemGroup>
</Project>